// !$*UTF8*$!
{
	archiveVersion = 1;
	classes = {
	};
	objectVersion = 46;
	objects = {

/* Begin PBXBuildFile section */
		52EF46861C76AE97007F2C20 /* main.m in Sources */ = {isa = PBXBuildFile; fileRef = 52EF46851C76AE97007F2C20 /* main.m */; };
		52EF46891C76AE97007F2C20 /* AppDelegate.m in Sources */ = {isa = PBXBuildFile; fileRef = 52EF46881C76AE97007F2C20 /* AppDelegate.m */; };
		52EF468C1C76AE97007F2C20 /* ViewController.m in Sources */ = {isa = PBXBuildFile; fileRef = 52EF468B1C76AE97007F2C20 /* ViewController.m */; };
		52EF468F1C76AE97007F2C20 /* Main.storyboard in Resources */ = {isa = PBXBuildFile; fileRef = 52EF468D1C76AE97007F2C20 /* Main.storyboard */; };
		52EF46911C76AE97007F2C20 /* Assets.xcassets in Resources */ = {isa = PBXBuildFile; fileRef = 52EF46901C76AE97007F2C20 /* Assets.xcassets */; };
		52EF46941C76AE97007F2C20 /* LaunchScreen.storyboard in Resources */ = {isa = PBXBuildFile; fileRef = 52EF46921C76AE97007F2C20 /* LaunchScreen.storyboard */; };
		52EF469F1C76AE97007F2C20 /* GIF_TestTests.m in Sources */ = {isa = PBXBuildFile; fileRef = 52EF469E1C76AE97007F2C20 /* GIF_TestTests.m */; };
		52EF46AA1C76AE97007F2C20 /* GIF_TestUITests.m in Sources */ = {isa = PBXBuildFile; fileRef = 52EF46A91C76AE97007F2C20 /* GIF_TestUITests.m */; };
		52EF46B91C76AED3007F2C20 /* GifView.m in Sources */ = {isa = PBXBuildFile; fileRef = 52EF46B81C76AED3007F2C20 /* GifView.m */; settings = {COMPILER_FLAGS = "-fno-objc-arc"; }; };
		52EF46BD1C76B221007F2C20 /* 1.gif in Resources */ = {isa = PBXBuildFile; fileRef = 52EF46BA1C76B221007F2C20 /* 1.gif */; };
		52EF46BE1C76B221007F2C20 /* 2.gif in Resources */ = {isa = PBXBuildFile; fileRef = 52EF46BB1C76B221007F2C20 /* 2.gif */; };
		52EF46BF1C76B221007F2C20 /* 3.gif in Resources */ = {isa = PBXBuildFile; fileRef = 52EF46BC1C76B221007F2C20 /* 3.gif */; };
/* End PBXBuildFile section */

/* Begin PBXContainerItemProxy section */
		52EF469B1C76AE97007F2C20 /* PBXContainerItemProxy */ = {
			isa = PBXContainerItemProxy;
			containerPortal = 52EF46791C76AE97007F2C20 /* Project object */;
			proxyType = 1;
			remoteGlobalIDString = 52EF46801C76AE97007F2C20;
			remoteInfo = "GIF-Test";
		};
		52EF46A61C76AE97007F2C20 /* PBXContainerItemProxy */ = {
			isa = PBXContainerItemProxy;
			containerPortal = 52EF46791C76AE97007F2C20 /* Project object */;
			proxyType = 1;
			remoteGlobalIDString = 52EF46801C76AE97007F2C20;
			remoteInfo = "GIF-Test";
		};
/* End PBXContainerItemProxy section */

/* Begin PBXFileReference section */
		52EF46811C76AE97007F2C20 /* GIF-Test.app */ = {isa = PBXFileReference; explicitFileType = wrapper.application; includeInIndex = 0; path = "GIF-Test.app"; sourceTree = BUILT_PRODUCTS_DIR; };
		52EF46851C76AE97007F2C20 /* main.m */ = {isa = PBXFileReference; lastKnownFileType = sourcecode.c.objc; path = main.m; sourceTree = "<group>"; };
		52EF46871C76AE97007F2C20 /* AppDelegate.h */ = {isa = PBXFileReference; lastKnownFileType = sourcecode.c.h; path = AppDelegate.h; sourceTree = "<group>"; };
		52EF46881C76AE97007F2C20 /* AppDelegate.m */ = {isa = PBXFileReference; lastKnownFileType = sourcecode.c.objc; path = AppDelegate.m; sourceTree = "<group>"; };
		52EF468A1C76AE97007F2C20 /* ViewController.h */ = {isa = PBXFileReference; lastKnownFileType = sourcecode.c.h; path = ViewController.h; sourceTree = "<group>"; };
		52EF468B1C76AE97007F2C20 /* ViewController.m */ = {isa = PBXFileReference; lastKnownFileType = sourcecode.c.objc; path = ViewController.m; sourceTree = "<group>"; };
		52EF468E1C76AE97007F2C20 /* Base */ = {isa = PBXFileReference; lastKnownFileType = file.storyboard; name = Base; path = Base.lproj/Main.storyboard; sourceTree = "<group>"; };
		52EF46901C76AE97007F2C20 /* Assets.xcassets */ = {isa = PBXFileReference; lastKnownFileType = folder.assetcatalog; path = Assets.xcassets; sourceTree = "<group>"; };
		52EF46931C76AE97007F2C20 /* Base */ = {isa = PBXFileReference; lastKnownFileType = file.storyboard; name = Base; path = Base.lproj/LaunchScreen.storyboard; sourceTree = "<group>"; };
		52EF46951C76AE97007F2C20 /* Info.plist */ = {isa = PBXFileReference; lastKnownFileType = text.plist.xml; path = Info.plist; sourceTree = "<group>"; };
		52EF469A1C76AE97007F2C20 /* GIF-TestTests.xctest */ = {isa = PBXFileReference; explicitFileType = wrapper.cfbundle; includeInIndex = 0; path = "GIF-TestTests.xctest"; sourceTree = BUILT_PRODUCTS_DIR; };
		52EF469E1C76AE97007F2C20 /* GIF_TestTests.m */ = {isa = PBXFileReference; lastKnownFileType = sourcecode.c.objc; path = GIF_TestTests.m; sourceTree = "<group>"; };
		52EF46A01C76AE97007F2C20 /* Info.plist */ = {isa = PBXFileReference; lastKnownFileType = text.plist.xml; path = Info.plist; sourceTree = "<group>"; };
		52EF46A51C76AE97007F2C20 /* GIF-TestUITests.xctest */ = {isa = PBXFileReference; explicitFileType = wrapper.cfbundle; includeInIndex = 0; path = "GIF-TestUITests.xctest"; sourceTree = BUILT_PRODUCTS_DIR; };
		52EF46A91C76AE97007F2C20 /* GIF_TestUITests.m */ = {isa = PBXFileReference; lastKnownFileType = sourcecode.c.objc; path = GIF_TestUITests.m; sourceTree = "<group>"; };
		52EF46AB1C76AE97007F2C20 /* Info.plist */ = {isa = PBXFileReference; lastKnownFileType = text.plist.xml; path = Info.plist; sourceTree = "<group>"; };
		52EF46B71C76AED3007F2C20 /* GifView.h */ = {isa = PBXFileReference; fileEncoding = 4; lastKnownFileType = sourcecode.c.h; path = GifView.h; sourceTree = "<group>"; };
		52EF46B81C76AED3007F2C20 /* GifView.m */ = {isa = PBXFileReference; fileEncoding = 4; lastKnownFileType = sourcecode.c.objc; path = GifView.m; sourceTree = "<group>"; };
		52EF46BA1C76B221007F2C20 /* 1.gif */ = {isa = PBXFileReference; lastKnownFileType = image.gif; path = 1.gif; sourceTree = "<group>"; };
		52EF46BB1C76B221007F2C20 /* 2.gif */ = {isa = PBXFileReference; lastKnownFileType = image.gif; path = 2.gif; sourceTree = "<group>"; };
		52EF46BC1C76B221007F2C20 /* 3.gif */ = {isa = PBXFileReference; lastKnownFileType = image.gif; path = 3.gif; sourceTree = "<group>"; };
/* End PBXFileReference section */

/* Begin PBXFrameworksBuildPhase section */
		52EF467E1C76AE97007F2C20 /* Frameworks */ = {
			isa = PBXFrameworksBuildPhase;
			buildActionMask = 2147483647;
			files = (
			);
			runOnlyForDeploymentPostprocessing = 0;
		};
		52EF46971C76AE97007F2C20 /* Frameworks */ = {
			isa = PBXFrameworksBuildPhase;
			buildActionMask = 2147483647;
			files = (
			);
			runOnlyForDeploymentPostprocessing = 0;
		};
		52EF46A21C76AE97007F2C20 /* Frameworks */ = {
			isa = PBXFrameworksBuildPhase;
			buildActionMask = 2147483647;
			files = (
			);
			runOnlyForDeploymentPostprocessing = 0;
		};
/* End PBXFrameworksBuildPhase section */

/* Begin PBXGroup section */
		52EF46781C76AE97007F2C20 = {
			isa = PBXGroup;
			children = (
				52EF46831C76AE97007F2C20 /* GIF-Test */,
				52EF469D1C76AE97007F2C20 /* GIF-TestTests */,
				52EF46A81C76AE97007F2C20 /* GIF-TestUITests */,
				52EF46821C76AE97007F2C20 /* Products */,
			);
			sourceTree = "<group>";
		};
		52EF46821C76AE97007F2C20 /* Products */ = {
			isa = PBXGroup;
			children = (
				52EF46811C76AE97007F2C20 /* GIF-Test.app */,
				52EF469A1C76AE97007F2C20 /* GIF-TestTests.xctest */,
				52EF46A51C76AE97007F2C20 /* GIF-TestUITests.xctest */,
			);
			name = Products;
			sourceTree = "<group>";
		};
		52EF46831C76AE97007F2C20 /* GIF-Test */ = {
			isa = PBXGroup;
			children = (
				52EF46871C76AE97007F2C20 /* AppDelegate.h */,
				52EF46881C76AE97007F2C20 /* AppDelegate.m */,
				52EF468A1C76AE97007F2C20 /* ViewController.h */,
				52EF468B1C76AE97007F2C20 /* ViewController.m */,
				52EF46BA1C76B221007F2C20 /* 1.gif */,
				52EF46BB1C76B221007F2C20 /* 2.gif */,
				52EF46BC1C76B221007F2C20 /* 3.gif */,
				52EF468D1C76AE97007F2C20 /* Main.storyboard */,
				52EF46901C76AE97007F2C20 /* Assets.xcassets */,
				52EF46921C76AE97007F2C20 /* LaunchScreen.storyboard */,
				52EF46951C76AE97007F2C20 /* Info.plist */,
				52EF46841C76AE97007F2C20 /* Supporting Files */,
				52EF46B71C76AED3007F2C20 /* GifView.h */,
				52EF46B81C76AED3007F2C20 /* GifView.m */,
			);
			path = "GIF-Test";
			sourceTree = "<group>";
		};
		52EF46841C76AE97007F2C20 /* Supporting Files */ = {
			isa = PBXGroup;
			children = (
				52EF46851C76AE97007F2C20 /* main.m */,
			);
			name = "Supporting Files";
			sourceTree = "<group>";
		};
		52EF469D1C76AE97007F2C20 /* GIF-TestTests */ = {
			isa = PBXGroup;
			children = (
				52EF469E1C76AE97007F2C20 /* GIF_TestTests.m */,
				52EF46A01C76AE97007F2C20 /* Info.plist */,
			);
			path = "GIF-TestTests";
			sourceTree = "<group>";
		};
		52EF46A81C76AE97007F2C20 /* GIF-TestUITests */ = {
			isa = PBXGroup;
			children = (
				52EF46A91C76AE97007F2C20 /* GIF_TestUITests.m */,
				52EF46AB1C76AE97007F2C20 /* Info.plist */,
			);
			path = "GIF-TestUITests";
			sourceTree = "<group>";
		};
/* End PBXGroup section */

/* Begin PBXNativeTarget section */
		52EF46801C76AE97007F2C20 /* GIF-Test */ = {
			isa = PBXNativeTarget;
			buildConfigurationList = 52EF46AE1C76AE97007F2C20 /* Build configuration list for PBXNativeTarget "GIF-Test" */;
			buildPhases = (
				52EF467D1C76AE97007F2C20 /* Sources */,
				52EF467E1C76AE97007F2C20 /* Frameworks */,
				52EF467F1C76AE97007F2C20 /* Resources */,
			);
			buildRules = (
			);
			dependencies = (
			);
			name = "GIF-Test";
			productName = "GIF-Test";
			productReference = 52EF46811C76AE97007F2C20 /* GIF-Test.app */;
			productType = "com.apple.product-type.application";
		};
		52EF46991C76AE97007F2C20 /* GIF-TestTests */ = {
			isa = PBXNativeTarget;
			buildConfigurationList = 52EF46B11C76AE97007F2C20 /* Build configuration list for PBXNativeTarget "GIF-TestTests" */;
			buildPhases = (
				52EF46961C76AE97007F2C20 /* Sources */,
				52EF46971C76AE97007F2C20 /* Frameworks */,
				52EF46981C76AE97007F2C20 /* Resources */,
			);
			buildRules = (
			);
			dependencies = (
				52EF469C1C76AE97007F2C20 /* PBXTargetDependency */,
			);
			name = "GIF-TestTests";
			productName = "GIF-TestTests";
			productReference = 52EF469A1C76AE97007F2C20 /* GIF-TestTests.xctest */;
			productType = "com.apple.product-type.bundle.unit-test";
		};
		52EF46A41C76AE97007F2C20 /* GIF-TestUITests */ = {
			isa = PBXNativeTarget;
			buildConfigurationList = 52EF46B41C76AE97007F2C20 /* Build configuration list for PBXNativeTarget "GIF-TestUITests" */;
			buildPhases = (
				52EF46A11C76AE97007F2C20 /* Sources */,
				52EF46A21C76AE97007F2C20 /* Frameworks */,
				52EF46A31C76AE97007F2C20 /* Resources */,
			);
			buildRules = (
			);
			dependencies = (
				52EF46A71C76AE97007F2C20 /* PBXTargetDependency */,
			);
			name = "GIF-TestUITests";
			productName = "GIF-TestUITests";
			productReference = 52EF46A51C76AE97007F2C20 /* GIF-TestUITests.xctest */;
			productType = "com.apple.product-type.bundle.ui-testing";
		};
/* End PBXNativeTarget section */

/* Begin PBXProject section */
		52EF46791C76AE97007F2C20 /* Project object */ = {
			isa = PBXProject;
			attributes = {
				LastUpgradeCheck = 0720;
				ORGANIZATIONNAME = RenSihao;
				TargetAttributes = {
					52EF46801C76AE97007F2C20 = {
						CreatedOnToolsVersion = 7.2.1;
						DevelopmentTeam = T2HF943549;
					};
					52EF46991C76AE97007F2C20 = {
						CreatedOnToolsVersion = 7.2.1;
						DevelopmentTeam = T2HF943549;
						TestTargetID = 52EF46801C76AE97007F2C20;
					};
					52EF46A41C76AE97007F2C20 = {
						CreatedOnToolsVersion = 7.2.1;
						DevelopmentTeam = T2HF943549;
						TestTargetID = 52EF46801C76AE97007F2C20;
					};
				};
			};
			buildConfigurationList = 52EF467C1C76AE97007F2C20 /* Build configuration list for PBXProject "GIF-Test" */;
			compatibilityVersion = "Xcode 3.2";
			developmentRegion = English;
			hasScannedForEncodings = 0;
			knownRegions = (
				en,
				Base,
			);
			mainGroup = 52EF46781C76AE97007F2C20;
			productRefGroup = 52EF46821C76AE97007F2C20 /* Products */;
			projectDirPath = "";
			projectRoot = "";
			targets = (
				52EF46801C76AE97007F2C20 /* GIF-Test */,
				52EF46991C76AE97007F2C20 /* GIF-TestTests */,
				52EF46A41C76AE97007F2C20 /* GIF-TestUITests */,
			);
		};
/* End PBXProject section */

/* Begin PBXResourcesBuildPhase section */
		52EF467F1C76AE97007F2C20 /* Resources */ = {
			isa = PBXResourcesBuildPhase;
			buildActionMask = 2147483647;
			files = (
				52EF46BF1C76B221007F2C20 /* 3.gif in Resources */,
				52EF46941C76AE97007F2C20 /* LaunchScreen.storyboard in Resources */,
				52EF46BE1C76B221007F2C20 /* 2.gif in Resources */,
				52EF46911C76AE97007F2C20 /* Assets.xcassets in Resources */,
				52EF46BD1C76B221007F2C20 /* 1.gif in Resources */,
				52EF468F1C76AE97007F2C20 /* Main.storyboard in Resources */,
			);
			runOnlyForDeploymentPostprocessing = 0;
		};
		52EF46981C76AE97007F2C20 /* Resources */ = {
			isa = PBXResourcesBuildPhase;
			buildActionMask = 2147483647;
			files = (
			);
			runOnlyForDeploymentPostprocessing = 0;
		};
		52EF46A31C76AE97007F2C20 /* Resources */ = {
			isa = PBXResourcesBuildPhase;
			buildActionMask = 2147483647;
			files = (
			);
			runOnlyForDeploymentPostprocessing = 0;
		};
/* End PBXResourcesBuildPhase section */

/* Begin PBXSourcesBuildPhase section */
		52EF467D1C76AE97007F2C20 /* Sources */ = {
			isa = PBXSourcesBuildPhase;
			buildActionMask = 2147483647;
			files = (
				52EF468C1C76AE97007F2C20 /* ViewController.m in Sources */,
				52EF46B91C76AED3007F2C20 /* GifView.m in Sources */,
				52EF46891C76AE97007F2C20 /* AppDelegate.m in Sources */,
				52EF46861C76AE97007F2C20 /* main.m in Sources */,
			);
			runOnlyForDeploymentPostprocessing = 0;
		};
		52EF46961C76AE97007F2C20 /* Sources */ = {
			isa = PBXSourcesBuildPhase;
			buildActionMask = 2147483647;
			files = (
				52EF469F1C76AE97007F2C20 /* GIF_TestTests.m in Sources */,
			);
			runOnlyForDeploymentPostprocessing = 0;
		};
		52EF46A11C76AE97007F2C20 /* Sources */ = {
			isa = PBXSourcesBuildPhase;
			buildActionMask = 2147483647;
			files = (
				52EF46AA1C76AE97007F2C20 /* GIF_TestUITests.m in Sources */,
			);
			runOnlyForDeploymentPostprocessing = 0;
		};
/* End PBXSourcesBuildPhase section */

/* Begin PBXTargetDependency section */
		52EF469C1C76AE97007F2C20 /* PBXTargetDependency */ = {
			isa = PBXTargetDependency;
			target = 52EF46801C76AE97007F2C20 /* GIF-Test */;
			targetProxy = 52EF469B1C76AE97007F2C20 /* PBXContainerItemProxy */;
		};
		52EF46A71C76AE97007F2C20 /* PBXTargetDependency */ = {
			isa = PBXTargetDependency;
			target = 52EF46801C76AE97007F2C20 /* GIF-Test */;
			targetProxy = 52EF46A61C76AE97007F2C20 /* PBXContainerItemProxy */;
		};
/* End PBXTargetDependency section */

/* Begin PBXVariantGroup section */
		52EF468D1C76AE97007F2C20 /* Main.storyboard */ = {
			isa = PBXVariantGroup;
			children = (
				52EF468E1C76AE97007F2C20 /* Base */,
			);
			name = Main.storyboard;
			sourceTree = "<group>";
		};
		52EF46921C76AE97007F2C20 /* LaunchScreen.storyboard */ = {
			isa = PBXVariantGroup;
			children = (
				52EF46931C76AE97007F2C20 /* Base */,
			);
			name = LaunchScreen.storyboard;
			sourceTree = "<group>";
		};
/* End PBXVariantGroup section */

/* Begin XCBuildConfiguration section */
		52EF46AC1C76AE97007F2C20 /* Debug */ = {
			isa = XCBuildConfiguration;
			buildSettings = {
				ALWAYS_SEARCH_USER_PATHS = NO;
				CLANG_CXX_LANGUAGE_STANDARD = "gnu++0x";
				CLANG_CXX_LIBRARY = "libc++";
				CLANG_ENABLE_MODULES = YES;
				CLANG_ENABLE_OBJC_ARC = YES;
				CLANG_WARN_BOOL_CONVERSION = YES;
				CLANG_WARN_CONSTANT_CONVERSION = YES;
				CLANG_WARN_DIRECT_OBJC_ISA_USAGE = YES_ERROR;
				CLANG_WARN_EMPTY_BODY = YES;
				CLANG_WARN_ENUM_CONVERSION = YES;
				CLANG_WARN_INT_CONVERSION = YES;
				CLANG_WARN_OBJC_ROOT_CLASS = YES_ERROR;
				CLANG_WARN_UNREACHABLE_CODE = YES;
				CLANG_WARN__DUPLICATE_METHOD_MATCH = YES;
				"CODE_SIGN_IDENTITY[sdk=iphoneos*]" = "iPhone Developer";
				COPY_PHASE_STRIP = NO;
				DEBUG_INFORMATION_FORMAT = dwarf;
				ENABLE_STRICT_OBJC_MSGSEND = YES;
				ENABLE_TESTABILITY = YES;
				GCC_C_LANGUAGE_STANDARD = gnu99;
				GCC_DYNAMIC_NO_PIC = NO;
				GCC_NO_COMMON_BLOCKS = YES;
				GCC_OPTIMIZATION_LEVEL = 0;
				GCC_PREPROCESSOR_DEFINITIONS = (
					"DEBUG=1",
					"$(inherited)",
				);
				GCC_WARN_64_TO_32_BIT_CONVERSION = YES;
				GCC_WARN_ABOUT_RETURN_TYPE = YES_ERROR;
				GCC_WARN_UNDECLARED_SELECTOR = YES;
				GCC_WARN_UNINITIALIZED_AUTOS = YES_AGGRESSIVE;
				GCC_WARN_UNUSED_FUNCTION = YES;
				GCC_WARN_UNUSED_VARIABLE = YES;
				IPHONEOS_DEPLOYMENT_TARGET = 9.2;
				MTL_ENABLE_DEBUG_INFO = YES;
				ONLY_ACTIVE_ARCH = YES;
				SDKROOT = iphoneos;
			};
			name = Debug;
		};
		52EF46AD1C76AE97007F2C20 /* Release */ = {
			isa = XCBuildConfiguration;
			buildSettings = {
				ALWAYS_SEARCH_USER_PATHS = NO;
				CLANG_CXX_LANGUAGE_STANDARD = "gnu++0x";
				CLANG_CXX_LIBRARY = "libc++";
				CLANG_ENABLE_MODULES = YES;
				CLANG_ENABLE_OBJC_ARC = YES;
				CLANG_WARN_BOOL_CONVERSION = YES;
				CLANG_WARN_CONSTANT_CONVERSION = YES;
				CLANG_WARN_DIRECT_OBJC_ISA_USAGE = YES_ERROR;
				CLANG_WARN_EMPTY_BODY = YES;
				CLANG_WARN_ENUM_CONVERSION = YES;
				CLANG_WARN_INT_CONVERSION = YES;
				CLANG_WARN_OBJC_ROOT_CLASS = YES_ERROR;
				CLANG_WARN_UNREACHABLE_CODE = YES;
				CLANG_WARN__DUPLICATE_METHOD_MATCH = YES;
				"CODE_SIGN_IDENTITY[sdk=iphoneos*]" = "iPhone Developer";
				COPY_PHASE_STRIP = NO;
				DEBUG_INFORMATION_FORMAT = "dwarf-with-dsym";
				ENABLE_NS_ASSERTIONS = NO;
				ENABLE_STRICT_OBJC_MSGSEND = YES;
				GCC_C_LANGUAGE_STANDARD = gnu99;
				GCC_NO_COMMON_BLOCKS = YES;
				GCC_WARN_64_TO_32_BIT_CONVERSION = YES;
				GCC_WARN_ABOUT_RETURN_TYPE = YES_ERROR;
				GCC_WARN_UNDECLARED_SELECTOR = YES;
				GCC_WARN_UNINITIALIZED_AUTOS = YES_AGGRESSIVE;
				GCC_WARN_UNUSED_FUNCTION = YES;
				GCC_WARN_UNUSED_VARIABLE = YES;
				IPHONEOS_DEPLOYMENT_TARGET = 9.2;
				MTL_ENABLE_DEBUG_INFO = NO;
				SDKROOT = iphoneos;
				VALIDATE_PRODUCT = YES;
			};
			name = Release;
		};
		52EF46AF1C76AE97007F2C20 /* Debug */ = {
			isa = XCBuildConfiguration;
			buildSettings = {
				ASSETCATALOG_COMPILER_APPICON_NAME = AppIcon;
				INFOPLIST_FILE = "GIF-Test/Info.plist";
				LD_RUNPATH_SEARCH_PATHS = "$(inherited) @executable_path/Frameworks";
				PRODUCT_BUNDLE_IDENTIFIER = "rensihao.com.GIF-Test";
				PRODUCT_NAME = "$(TARGET_NAME)";
			};
			name = Debug;
		};
		52EF46B01C76AE97007F2C20 /* Release */ = {
			isa = XCBuildConfiguration;
			buildSettings = {
				ASSETCATALOG_COMPILER_APPICON_NAME = AppIcon;
				INFOPLIST_FILE = "GIF-Test/Info.plist";
				LD_RUNPATH_SEARCH_PATHS = "$(inherited) @executable_path/Frameworks";
				PRODUCT_BUNDLE_IDENTIFIER = "rensihao.com.GIF-Test";
				PRODUCT_NAME = "$(TARGET_NAME)";
			};
			name = Release;
		};
		52EF46B21C76AE97007F2C20 /* Debug */ = {
			isa = XCBuildConfiguration;
			buildSettings = {
				BUNDLE_LOADER = "$(TEST_HOST)";
				INFOPLIST_FILE = "GIF-TestTests/Info.plist";
				LD_RUNPATH_SEARCH_PATHS = "$(inherited) @executable_path/Frameworks @loader_path/Frameworks";
				PRODUCT_BUNDLE_IDENTIFIER = "rensihao.com.GIF-TestTests";
				PRODUCT_NAME = "$(TARGET_NAME)";
				TEST_HOST = "$(BUILT_PRODUCTS_DIR)/GIF-Test.app/GIF-Test";
			};
			name = Debug;
		};
		52EF46B31C76AE97007F2C20 /* Release */ = {
			isa = XCBuildConfiguration;
			buildSettings = {
				BUNDLE_LOADER = "$(TEST_HOST)";
				INFOPLIST_FILE = "GIF-TestTests/Info.plist";
				LD_RUNPATH_SEARCH_PATHS = "$(inherited) @executable_path/Frameworks @loader_path/Frameworks";
				PRODUCT_BUNDLE_IDENTIFIER = "rensihao.com.GIF-TestTests";
				PRODUCT_NAME = "$(TARGET_NAME)";
				TEST_HOST = "$(BUILT_PRODUCTS_DIR)/GIF-Test.app/GIF-Test";
			};
			name = Release;
		};
		52EF46B51C76AE97007F2C20 /* Debug */ = {
			isa = XCBuildConfiguration;
			buildSettings = {
				INFOPLIST_FILE = "GIF-TestUITests/Info.plist";
				LD_RUNPATH_SEARCH_PATHS = "$(inherited) @executable_path/Frameworks @loader_path/Frameworks";
				PRODUCT_BUNDLE_IDENTIFIER = "rensihao.com.GIF-TestUITests";
				PRODUCT_NAME = "$(TARGET_NAME)";
				TEST_TARGET_NAME = "GIF-Test";
				USES_XCTRUNNER = YES;
			};
			name = Debug;
		};
		52EF46B61C76AE97007F2C20 /* Release */ = {
			isa = XCBuildConfiguration;
			buildSettings = {
				INFOPLIST_FILE = "GIF-TestUITests/Info.plist";
				LD_RUNPATH_SEARCH_PATHS = "$(inherited) @executable_path/Frameworks @loader_path/Frameworks";
				PRODUCT_BUNDLE_IDENTIFIER = "rensihao.com.GIF-TestUITests";
				PRODUCT_NAME = "$(TARGET_NAME)";
				TEST_TARGET_NAME = "GIF-Test";
				USES_XCTRUNNER = YES;
			};
			name = Release;
		};
/* End XCBuildConfiguration section */

/* Begin XCConfigurationList section */
		52EF467C1C76AE97007F2C20 /* Build configuration list for PBXProject "GIF-Test" */ = {
			isa = XCConfigurationList;
			buildConfigurations = (
				52EF46AC1C76AE97007F2C20 /* Debug */,
				52EF46AD1C76AE97007F2C20 /* Release */,
			);
			defaultConfigurationIsVisible = 0;
			defaultConfigurationName = Release;
		};
		52EF46AE1C76AE97007F2C20 /* Build configuration list for PBXNativeTarget "GIF-Test" */ = {
			isa = XCConfigurationList;
			buildConfigurations = (
				52EF46AF1C76AE97007F2C20 /* Debug */,
				52EF46B01C76AE97007F2C20 /* Release */,
			);
			defaultConfigurationIsVisible = 0;
		};
		52EF46B11C76AE97007F2C20 /* Build configuration list for PBXNativeTarget "GIF-TestTests" */ = {
			isa = XCConfigurationList;
			buildConfigurations = (
				52EF46B21C76AE97007F2C20 /* Debug */,
				52EF46B31C76AE97007F2C20 /* Release */,
			);
			defaultConfigurationIsVisible = 0;
		};
		52EF46B41C76AE97007F2C20 /* Build configuration list for PBXNativeTarget "GIF-TestUITests" */ = {
			isa = XCConfigurationList;
			buildConfigurations = (
				52EF46B51C76AE97007F2C20 /* Debug */,
				52EF46B61C76AE97007F2C20 /* Release */,
			);
			defaultConfigurationIsVisible = 0;
		};
/* End XCConfigurationList section */
	};
	rootObject = 52EF46791C76AE97007F2C20 /* Project object */;
}
